<?xml version="1.0" encoding="utf-8"?>
<Project ToolsVersion="4.0" xmlns="http://schemas.microsoft.com/developer/msbuild/2003">
  <ItemGroup>
    <Filter Include="Archivos de origen">
      <UniqueIdentifier>{4FC737F1-C7A5-4376-A066-2A32D752A2FF}</UniqueIdentifier>
      <Extensions>cpp;c;cc;cxx;c++;cppm;ixx;def;odl;idl;hpj;bat;asm;asmx</Extensions>
    </Filter>
    <Filter Include="Archivos de encabezado">
      <UniqueIdentifier>{93995380-89BD-4b04-88EB-625FBE52EBFB}</UniqueIdentifier>
      <Extensions>h;hh;hpp;hxx;h++;hm;inl;inc;ipp;xsd</Extensions>
    </Filter>
    <Filter Include="Archivos de recursos">
      <UniqueIdentifier>{67DA6AB6-F800-4c08-8B7A-83BB121AAD01}</UniqueIdentifier>
      <Extensions>rc;ico;cur;bmp;dlg;rc2;rct;bin;rgs;gif;jpg;jpeg;jpe;resx;tiff;tif;png;wav;mfcribbon-ms</Extensions>
    </Filter>
    <Filter Include="Archivos de origen\PugiXml">
      <UniqueIdentifier>{873a4489-c445-445b-850a-21d12d27a668}</UniqueIdentifier>
    </Filter>
    <Filter Include="Archivos de origen\Modules">
      <UniqueIdentifier>{7cae2caa-5586-4008-83ae-a20447bb8efe}</UniqueIdentifier>
    </Filter>
    <Filter Include="Archivos de origen\Globals">
      <UniqueIdentifier>{d53906c2-5300-49e8-9838-38b529de736c}</UniqueIdentifier>
    </Filter>
    <Filter Include="Archivos de origen\Tools">
      <UniqueIdentifier>{ce5004f4-c63d-4c4e-94ca-2b95314c37ab}</UniqueIdentifier>
    </Filter>
    <Filter Include="Archivos de encabezado\Modules">
      <UniqueIdentifier>{dd1ee721-4dcb-4742-883d-c60f195e159e}</UniqueIdentifier>
    </Filter>
    <Filter Include="Archivos de encabezado\Globals">
      <UniqueIdentifier>{4f29f497-faf0-4a3f-b190-fad1d05c4cab}</UniqueIdentifier>
    </Filter>
    <Filter Include="Archivos de encabezado\GUI">
      <UniqueIdentifier>{8fe61acd-a330-412a-8fa6-d41c3b4b9fb5}</UniqueIdentifier>
    </Filter>
    <Filter Include="Archivos de encabezado\Tools">
      <UniqueIdentifier>{841fede0-912c-48a1-a9fa-6556541351ab}</UniqueIdentifier>
    </Filter>
    <Filter Include="Archivos de encabezado\Player">
      <UniqueIdentifier>{77fb93f7-5edd-4c5c-8295-0b7bafe8d221}</UniqueIdentifier>
    </Filter>
    <Filter Include="Archivos de origen\Player">
      <UniqueIdentifier>{836e301b-2b63-420d-871b-dba191e75c51}</UniqueIdentifier>
    </Filter>
    <Filter Include="Archivos de encabezado\Player\Spells">
      <UniqueIdentifier>{93cd1f4f-7749-4366-8696-96ff655c41a0}</UniqueIdentifier>
    </Filter>
    <Filter Include="Archivos de origen\Player\Spells">
      <UniqueIdentifier>{6913fa2f-6ade-457e-a8e1-6db0db6d6473}</UniqueIdentifier>
    </Filter>
    <Filter Include="Archivos de origen\Player\Trees">
      <UniqueIdentifier>{2ca0024b-9490-43b7-ae18-a230a727f91d}</UniqueIdentifier>
    </Filter>
    <Filter Include="Archivos de encabezado\Player\Trees">
      <UniqueIdentifier>{450e4b83-ab0e-4794-bf64-1078b81befe8}</UniqueIdentifier>
    </Filter>
    <Filter Include="Archivos de encabezado\Player\Scripts">
      <UniqueIdentifier>{c402406a-4945-43c9-80f1-d6ce0851b5b6}</UniqueIdentifier>
    </Filter>
    <Filter Include="Archivos de origen\Player\Scripts">
      <UniqueIdentifier>{78126e22-6191-445c-9ecf-90c0b310ffff}</UniqueIdentifier>
    </Filter>
    <Filter Include="Archivos de encabezado\GameObject">
      <UniqueIdentifier>{659d7ab2-1f19-4b13-8c09-cda1fa208681}</UniqueIdentifier>
    </Filter>
    <Filter Include="Archivos de origen\Player\Spells\SpellScripts">
      <UniqueIdentifier>{ef131730-214f-4490-af54-ec3683784be3}</UniqueIdentifier>
    </Filter>
    <Filter Include="Archivos de encabezado\Player\Spells\SpellScripts">
      <UniqueIdentifier>{4cdcd82f-341b-4fe0-9412-78aac2ba547d}</UniqueIdentifier>
    </Filter>
    <Filter Include="Archivos de encabezado\Scenes">
      <UniqueIdentifier>{018e5ee2-c375-4f58-a756-27248d652517}</UniqueIdentifier>
    </Filter>
    <Filter Include="Archivos de origen\Scenes">
      <UniqueIdentifier>{51ecd359-81d5-4dcd-bc91-cf701ddcfa3d}</UniqueIdentifier>
    </Filter>
    <Filter Include="Archivos de encabezado\Scenes\BaseClass">
      <UniqueIdentifier>{8185954f-833c-42f6-af64-a18bc441080c}</UniqueIdentifier>
    </Filter>
    <Filter Include="Archivos de origen\Scenes\BaseClass">
      <UniqueIdentifier>{22223cb4-89fd-4f9d-b1ac-94aa66de85bb}</UniqueIdentifier>
    </Filter>
    <Filter Include="Archivos de origen\GameObjects">
      <UniqueIdentifier>{6cbd0f2f-b8b7-4963-8e6a-45d24468e29e}</UniqueIdentifier>
    </Filter>
    <Filter Include="Archivos de origen\GameObjects\Enemy">
      <UniqueIdentifier>{11287f92-69bb-42e3-9abb-dbc4f0799406}</UniqueIdentifier>
    </Filter>
    <Filter Include="Archivos de encabezado\GameObject\Enemy">
      <UniqueIdentifier>{5a8f239f-0099-41f6-b283-b0804b7ad4d7}</UniqueIdentifier>
    </Filter>
    <Filter Include="Archivos de origen\GUI">
      <UniqueIdentifier>{a5bfeb4a-f892-494a-8a18-9c5a53f72a55}</UniqueIdentifier>
    </Filter>
    <Filter Include="Archivos de origen\Tools\Particles">
      <UniqueIdentifier>{e230b0d0-5f7b-4bf8-b738-266bba94e6fb}</UniqueIdentifier>
    </Filter>
    <Filter Include="Archivos de encabezado\Tools\Particles">
      <UniqueIdentifier>{c63edb79-72ba-4162-a3e2-159213dafac3}</UniqueIdentifier>
    </Filter>
    <Filter Include="Archivos de origen\Player\Spells\RevenantSpells">
      <UniqueIdentifier>{c7c623b5-66da-4b65-9494-db1ee2a7a8a7}</UniqueIdentifier>
    </Filter>
    <Filter Include="Archivos de encabezado\Player\Spells\RevenantSpells">
      <UniqueIdentifier>{2a5f9328-b5cb-44b4-ba76-1ec1da0a6827}</UniqueIdentifier>
    </Filter>
    <Filter Include="Archivos de encabezado\Player\Spells\SageSpells">
      <UniqueIdentifier>{629156aa-6ca0-4c69-97f2-76a67f40e725}</UniqueIdentifier>
    </Filter>
    <Filter Include="Archivos de origen\Player\Spells\SageSpells">
      <UniqueIdentifier>{fdadd64d-9eef-43a4-ab78-bbfba9428b92}</UniqueIdentifier>
    </Filter>
    <Filter Include="Archivos de recursos\Icon">
      <UniqueIdentifier>{cf98d4be-d1d3-462a-b944-c23174d6c8d0}</UniqueIdentifier>
    </Filter>
    <Filter Include="Archivos de origen\Scenes\Hub">
      <UniqueIdentifier>{01c45903-e8ed-491f-bc8d-9c5757f4ea96}</UniqueIdentifier>
    </Filter>
    <Filter Include="Archivos de encabezado\Scenes\Hub">
      <UniqueIdentifier>{5e32e2d7-6df6-444a-8f7f-6cbf7d62bc9e}</UniqueIdentifier>
    </Filter>
    <Filter Include="Archivos de origen\Player\Weapons">
      <UniqueIdentifier>{481eb25b-5ead-4f7b-b0d5-9f6b9b1bd5eb}</UniqueIdentifier>
    </Filter>
    <Filter Include="Archivos de encabezado\Player\Weapons">
      <UniqueIdentifier>{dc4f452a-18ca-43ef-ac1a-c2aa007ae5ce}</UniqueIdentifier>
    </Filter>
    <Filter Include="Archivos de encabezado\Player\Weapons\Sage">
      <UniqueIdentifier>{2433a576-f1c0-4bec-8ec6-211deb337c20}</UniqueIdentifier>
    </Filter>
    <Filter Include="Archivos de encabezado\Player\Weapons\Revenant">
      <UniqueIdentifier>{d213a079-7b18-4324-9e30-811deb6a45c6}</UniqueIdentifier>
    </Filter>
    <Filter Include="Archivos de origen\Player\Weapons\Sage">
      <UniqueIdentifier>{11b5ed50-b9ad-4cd5-a32e-53c7656ea1a2}</UniqueIdentifier>
    </Filter>
    <Filter Include="Archivos de origen\Player\Weapons\Revenant">
      <UniqueIdentifier>{6c6a41ea-9b5a-4b7c-9515-7172335107eb}</UniqueIdentifier>
    </Filter>
    <Filter Include="Archivos de origen\GameObjects\Puzzles">
      <UniqueIdentifier>{3da95c20-bde6-4c5d-b048-95dade56d972}</UniqueIdentifier>
    </Filter>
    <Filter Include="Archivos de encabezado\GameObject\Puzzles">
      <UniqueIdentifier>{29443254-263f-481d-808c-5f691031ebdc}</UniqueIdentifier>
    </Filter>
    <Filter Include="Archivos de origen\GameObjects\Enemy\Boss">
      <UniqueIdentifier>{2d664503-8386-4d3a-9c95-86e86582fe1b}</UniqueIdentifier>
    </Filter>
    <Filter Include="Archivos de encabezado\GameObject\Enemy\Boss">
      <UniqueIdentifier>{a6311c03-8f77-49c1-a80a-2d74b566f3f9}</UniqueIdentifier>
    </Filter>
    <Filter Include="Archivos de encabezado\Particles">
      <UniqueIdentifier>{0dacab08-b5ac-4445-80a2-70eb372c9194}</UniqueIdentifier>
    </Filter>
    <Filter Include="Archivos de origen\Particles">
      <UniqueIdentifier>{5e2c3bfc-234d-435b-bd1c-82efd5806458}</UniqueIdentifier>
    </Filter>
  </ItemGroup>
  <ItemGroup>
    <ClInclude Include="External\PugiXml\src\pugixml.hpp">
      <Filter>Archivos de origen\PugiXml</Filter>
    </ClInclude>
    <ClInclude Include="External\PugiXml\src\pugiconfig.hpp">
      <Filter>Archivos de origen\PugiXml</Filter>
    </ClInclude>
    <ClInclude Include="Room.h">
      <Filter>Archivos de encabezado</Filter>
    </ClInclude>
    <ClInclude Include="RoomManager.h">
      <Filter>Archivos de encabezado</Filter>
    </ClInclude>
    <ClInclude Include="Module.h">
      <Filter>Archivos de encabezado\Modules</Filter>
    </ClInclude>
    <ClInclude Include="ModuleAudio.h">
      <Filter>Archivos de encabezado\Modules</Filter>
    </ClInclude>
    <ClInclude Include="ModuleInput.h">
      <Filter>Archivos de encabezado\Modules</Filter>
    </ClInclude>
    <ClInclude Include="ModuleMap.h">
      <Filter>Archivos de encabezado\Modules</Filter>
    </ClInclude>
    <ClInclude Include="ModulePhysics.h">
      <Filter>Archivos de encabezado\Modules</Filter>
    </ClInclude>
    <ClInclude Include="ModuleRender.h">
      <Filter>Archivos de encabezado\Modules</Filter>
    </ClInclude>
    <ClInclude Include="ModuleScene.h">
      <Filter>Archivos de encabezado\Modules</Filter>
    </ClInclude>
    <ClInclude Include="ModuleTextures.h">
      <Filter>Archivos de encabezado\Modules</Filter>
    </ClInclude>
    <ClInclude Include="ModuleWindow.h">
      <Filter>Archivos de encabezado\Modules</Filter>
    </ClInclude>
    <ClInclude Include="Application.h">
      <Filter>Archivos de encabezado\Globals</Filter>
    </ClInclude>
    <ClInclude Include="Globals.h">
      <Filter>Archivos de encabezado\Globals</Filter>
    </ClInclude>
    <ClInclude Include="MemLeaks.h">
      <Filter>Archivos de encabezado\Globals</Filter>
    </ClInclude>
    <ClInclude Include="GUI.h">
      <Filter>Archivos de encabezado\GUI</Filter>
    </ClInclude>
    <ClInclude Include="GUIButton.h">
      <Filter>Archivos de encabezado\GUI</Filter>
    </ClInclude>
    <ClInclude Include="GUICheckbox.h">
      <Filter>Archivos de encabezado\GUI</Filter>
    </ClInclude>
    <ClInclude Include="GUISlider.h">
      <Filter>Archivos de encabezado\GUI</Filter>
    </ClInclude>
    <ClInclude Include="Animation.h">
      <Filter>Archivos de encabezado\Tools</Filter>
    </ClInclude>
    <ClInclude Include="List.h">
      <Filter>Archivos de encabezado\Tools</Filter>
    </ClInclude>
    <ClInclude Include="Point.h">
      <Filter>Archivos de encabezado\Tools</Filter>
    </ClInclude>
    <ClInclude Include="StateMachine.h">
      <Filter>Archivos de encabezado\Tools</Filter>
    </ClInclude>
    <ClInclude Include="Timer.h">
      <Filter>Archivos de encabezado\Tools</Filter>
    </ClInclude>
    <ClInclude Include="Spell.h">
      <Filter>Archivos de encabezado\Player\Spells</Filter>
    </ClInclude>
    <ClInclude Include="TestSpell.h">
      <Filter>Archivos de encabezado\Player\Spells</Filter>
    </ClInclude>
    <ClInclude Include="ClassTree.h">
      <Filter>Archivos de encabezado\Player\Trees</Filter>
    </ClInclude>
    <ClInclude Include="Player.h">
      <Filter>Archivos de encabezado\Player</Filter>
    </ClInclude>
    <ClInclude Include="PlayerRevenant.h">
      <Filter>Archivos de encabezado\Player</Filter>
    </ClInclude>
    <ClInclude Include="PlayerSage.h">
      <Filter>Archivos de encabezado\Player</Filter>
    </ClInclude>
    <ClInclude Include="PlayerCombat.h">
      <Filter>Archivos de encabezado\Player\Scripts</Filter>
    </ClInclude>
    <ClInclude Include="PlayerController.h">
      <Filter>Archivos de encabezado\Player\Scripts</Filter>
    </ClInclude>
    <ClInclude Include="CommonTree.h">
      <Filter>Archivos de encabezado\Player\Trees</Filter>
    </ClInclude>
    <ClInclude Include="Trigger.h">
      <Filter>Archivos de encabezado\Tools</Filter>
    </ClInclude>
    <ClInclude Include="MapLoader.h">
      <Filter>Archivos de encabezado</Filter>
    </ClInclude>
    <ClInclude Include="ExecuteSpell.h">
      <Filter>Archivos de encabezado\Player\Spells\SpellScripts</Filter>
    </ClInclude>
    <ClInclude Include="SpellInfo.h">
      <Filter>Archivos de encabezado\Player\Spells\SpellScripts</Filter>
    </ClInclude>
    <ClInclude Include="SpellList.h">
      <Filter>Archivos de encabezado\Player\Spells\SpellScripts</Filter>
    </ClInclude>
    <ClInclude Include="PlayerStats.h">
      <Filter>Archivos de encabezado\Player\Scripts</Filter>
    </ClInclude>
    <ClInclude Include="Enemy.h">
      <Filter>Archivos de encabezado\GameObject\Enemy</Filter>
    </ClInclude>
    <ClInclude Include="ClassTreeHud.h">
      <Filter>Archivos de encabezado\GUI</Filter>
    </ClInclude>
    <ClInclude Include="TestScene.h">
      <Filter>Archivos de encabezado\Scenes</Filter>
    </ClInclude>
    <ClInclude Include="MainMenu.h">
      <Filter>Archivos de encabezado\Scenes</Filter>
    </ClInclude>
    <ClInclude Include="LogoScene.h">
      <Filter>Archivos de encabezado\Scenes</Filter>
    </ClInclude>
    <ClInclude Include="SceneGame.h">
      <Filter>Archivos de encabezado\Scenes\BaseClass</Filter>
    </ClInclude>
    <ClInclude Include="Scene.h">
      <Filter>Archivos de encabezado\Scenes\BaseClass</Filter>
    </ClInclude>
    <ClInclude Include="ModuleEvents.h">
      <Filter>Archivos de encabezado\Modules</Filter>
    </ClInclude>
    <ClInclude Include="EventListener.h">
      <Filter>Archivos de encabezado\Tools</Filter>
    </ClInclude>
    <ClInclude Include="SpellSpawnManager.h">
      <Filter>Archivos de encabezado\Player\Spells\SpellScripts</Filter>
    </ClInclude>
    <ClInclude Include="SpellObject.h">
      <Filter>Archivos de encabezado\Player\Spells</Filter>
    </ClInclude>
    <ClInclude Include="GameObject.h">
      <Filter>Archivos de encabezado\GameObject</Filter>
    </ClInclude>
    <ClInclude Include="NPC.h">
      <Filter>Archivos de encabezado\GameObject</Filter>
    </ClInclude>
    <ClInclude Include="RenderObject.hpp">
      <Filter>Archivos de encabezado\Tools</Filter>
    </ClInclude>
    <ClInclude Include="Camera.h">
      <Filter>Archivos de encabezado\Tools</Filter>
    </ClInclude>
    <ClInclude Include="Text.h">
      <Filter>Archivos de encabezado\GUI</Filter>
    </ClInclude>
    <ClInclude Include="HUDInGame.h">
      <Filter>Archivos de encabezado\Scenes</Filter>
    </ClInclude>
    <ClInclude Include="Projectile.h">
      <Filter>Archivos de encabezado\GameObject</Filter>
    </ClInclude>
    <ClInclude Include="Ghoul.h">
      <Filter>Archivos de encabezado\GameObject\Enemy</Filter>
    </ClInclude>
    <ClInclude Include="SceneSwitch.h">
      <Filter>Archivos de encabezado\GameObject</Filter>
    </ClInclude>
    <ClInclude Include="DamageArea.h">
      <Filter>Archivos de encabezado\GameObject</Filter>
    </ClInclude>
    <ClInclude Include="Particle.h">
      <Filter>Archivos de encabezado\Tools\Particles</Filter>
    </ClInclude>
    <ClInclude Include="ParticleAttackRevenant.h">
      <Filter>Archivos de encabezado\Tools\Particles</Filter>
    </ClInclude>
    <ClInclude Include="Kaboom.h">
      <Filter>Archivos de encabezado\GameObject\Enemy</Filter>
    </ClInclude>
    <ClInclude Include="IntLabel.h">
      <Filter>Archivos de encabezado\GameObject</Filter>
    </ClInclude>
    <ClInclude Include="ParticleAttackSage.h">
      <Filter>Archivos de encabezado\Tools\Particles</Filter>
    </ClInclude>
    <ClInclude Include="ParticleHitSage.h">
      <Filter>Archivos de encabezado\Tools\Particles</Filter>
    </ClInclude>
    <ClInclude Include="Instructor.h">
      <Filter>Archivos de encabezado\GameObject</Filter>
    </ClInclude>
    <ClInclude Include="ParticleAttackKaboom.h">
      <Filter>Archivos de encabezado\Tools\Particles</Filter>
    </ClInclude>
    <ClInclude Include="PaticleHitFotieros.h">
      <Filter>Archivos de encabezado\Tools\Particles</Filter>
    </ClInclude>
    <ClInclude Include="ParticleExplodeEkriksi.h">
      <Filter>Archivos de encabezado\Tools\Particles</Filter>
    </ClInclude>
    <ClInclude Include="PurificationSlashS.h">
      <Filter>Archivos de encabezado\Player\Spells\RevenantSpells</Filter>
    </ClInclude>
    <ClInclude Include="PurifiedSwordS.h">
      <Filter>Archivos de encabezado\Player\Spells\RevenantSpells</Filter>
    </ClInclude>
    <ClInclude Include="SoulShieldS.h">
      <Filter>Archivos de encabezado\Player\Spells\RevenantSpells</Filter>
    </ClInclude>
    <ClInclude Include="FoteirosS.h">
      <Filter>Archivos de encabezado\Player\Spells\SageSpells</Filter>
    </ClInclude>
    <ClInclude Include="ParticlePurificationSlash.h">
      <Filter>Archivos de encabezado\Tools\Particles</Filter>
    </ClInclude>
    <ClInclude Include="Worm.h">
      <Filter>Archivos de encabezado\GameObject\Enemy</Filter>
    </ClInclude>
    <ClInclude Include="ParticleSoulShield.h">
      <Filter>Archivos de encabezado\Tools\Particles</Filter>
    </ClInclude>
    <ClInclude Include="EkriskiS.h">
      <Filter>Archivos de encabezado\Player\Spells\SageSpells</Filter>
    </ClInclude>
    <ClInclude Include="resource.h">
      <Filter>Archivos de encabezado</Filter>
    </ClInclude>
    <ClInclude Include="EkriskiDamageArea.h">
      <Filter>Archivos de encabezado\GameObject</Filter>
    </ClInclude>
    <ClInclude Include="PlayerShadow.h">
      <Filter>Archivos de encabezado\Player</Filter>
    </ClInclude>
    <ClInclude Include="Souls.h">
      <Filter>Archivos de encabezado\GameObject</Filter>
    </ClInclude>
    <ClInclude Include="Quest.h">
      <Filter>Archivos de encabezado</Filter>
    </ClInclude>
    <ClInclude Include="Minimap.h">
      <Filter>Archivos de encabezado</Filter>
    </ClInclude>
    <ClInclude Include="HubScene.h">
      <Filter>Archivos de encabezado\Scenes\Hub</Filter>
    </ClInclude>
    <ClInclude Include="PlayerConverter.h">
      <Filter>Archivos de encabezado\Scenes\Hub</Filter>
    </ClInclude>
    <ClInclude Include="MapSave.h">
      <Filter>Archivos de encabezado</Filter>
    </ClInclude>
    <ClInclude Include="Bar.h">
      <Filter>Archivos de encabezado\GameObject</Filter>
    </ClInclude>
    <ClInclude Include="SageChargeBar.h">
      <Filter>Archivos de encabezado\GameObject</Filter>
    </ClInclude>
    <ClInclude Include="SageStaff.h">
      <Filter>Archivos de encabezado\Player\Weapons\Sage</Filter>
    </ClInclude>
    <ClInclude Include="SageWeapon.h">
      <Filter>Archivos de encabezado\Player\Weapons\Sage</Filter>
    </ClInclude>
    <ClInclude Include="RevenantSword.h">
      <Filter>Archivos de encabezado\Player\Weapons\Revenant</Filter>
    </ClInclude>
    <ClInclude Include="RevenantWeapon.h">
      <Filter>Archivos de encabezado\Player\Weapons\Revenant</Filter>
    </ClInclude>
    <ClInclude Include="WeaponObject.h">
      <Filter>Archivos de encabezado\Player\Weapons</Filter>
    </ClInclude>
    <ClInclude Include="AssetsManager.h">
      <Filter>Archivos de encabezado</Filter>
    </ClInclude>
    <ClInclude Include="GameOverScene.h">
      <Filter>Archivos de encabezado\Scenes</Filter>
    </ClInclude>
    <ClInclude Include="RevenantSpear.h">
      <Filter>Archivos de encabezado\Player\Weapons\Revenant</Filter>
    </ClInclude>
    <ClInclude Include="WinScreen.h">
      <Filter>Archivos de encabezado\Scenes</Filter>
    </ClInclude>
    <ClInclude Include="SageBook.h">
      <Filter>Archivos de encabezado\Player\Weapons\Sage</Filter>
    </ClInclude>
    <ClInclude Include="ButtonPuzzle.h">
      <Filter>Archivos de encabezado\GameObject\Puzzles</Filter>
    </ClInclude>
    <ClInclude Include="ButtonObject.h">
      <Filter>Archivos de encabezado\GameObject\Puzzles</Filter>
    </ClInclude>
    <ClInclude Include="ParticleLanceAttackRevenant.h">
      <Filter>Archivos de encabezado\Tools\Particles</Filter>
    </ClInclude>
    <ClInclude Include="Column.h">
      <Filter>Archivos de encabezado\GameObject\Puzzles</Filter>
    </ClInclude>
    <ClInclude Include="Slime.h">
      <Filter>Archivos de encabezado\GameObject\Enemy</Filter>
    </ClInclude>
    <ClInclude Include="WeaponChoosingHUD.h">
      <Filter>Archivos de encabezado</Filter>
    </ClInclude>
    <ClInclude Include="GUIHoverBox.h">
      <Filter>Archivos de encabezado\GUI</Filter>
    </ClInclude>
    <ClInclude Include="Boss.h">
      <Filter>Archivos de encabezado\GameObject\Enemy\Boss</Filter>
    </ClInclude>
    <ClInclude Include="PneumaS.h">
      <Filter>Archivos de encabezado\Player\Spells\SageSpells</Filter>
    </ClInclude>
    <ClInclude Include="PneumaDamageArea.h">
      <Filter>Archivos de encabezado\GameObject</Filter>
    </ClInclude>
    <ClInclude Include="PneumaS.h">
      <Filter>Archivos de encabezado\Player\Spells\SageSpells</Filter>
    </ClInclude>
    <ClInclude Include="PneumaDamageArea.h">
      <Filter>Archivos de encabezado\GameObject</Filter>
    </ClInclude>
    <ClInclude Include="OrbHP.h">
      <Filter>Archivos de encabezado</Filter>
    </ClInclude>
    <ClInclude Include="ParticlePneuma.h">
      <Filter>Archivos de encabezado\Tools\Particles</Filter>
    </ClInclude>
    <ClInclude Include="MenuManager.h">
      <Filter>Archivos de encabezado\Tools</Filter>
    </ClInclude>
    <ClInclude Include="BossProjectile.h">
      <Filter>Archivos de encabezado\GameObject\Enemy\Boss</Filter>
    </ClInclude>
    <ClInclude Include="BossMissile.h">
      <Filter>Archivos de encabezado\GameObject\Enemy\Boss</Filter>
    </ClInclude>
    <ClInclude Include="ParticleTeleport.h">
      <Filter>Archivos de encabezado\Tools\Particles</Filter>
    </ClInclude>
    <ClInclude Include="ModuleParticles.h">
      <Filter>Archivos de encabezado\Modules</Filter>
    </ClInclude>
    <ClInclude Include="SingleParticle.h">
      <Filter>Archivos de encabezado\Particles</Filter>
    </ClInclude>
    <ClInclude Include="ParticleEmissor.h">
      <Filter>Archivos de encabezado\Particles</Filter>
    </ClInclude>
    <ClInclude Include="ParticlePool.h">
      <Filter>Archivos de encabezado\Particles</Filter>
    </ClInclude>
    <ClInclude Include="PerfTimer.h">
      <Filter>Archivos de encabezado\Tools</Filter>
    </ClInclude>
  </ItemGroup>
  <ItemGroup>
    <ClCompile Include="External\PugiXml\src\pugixml.cpp">
      <Filter>Archivos de origen\PugiXml</Filter>
    </ClCompile>
    <ClCompile Include="Room.cpp">
      <Filter>Archivos de origen</Filter>
    </ClCompile>
    <ClCompile Include="RoomManager.cpp">
      <Filter>Archivos de origen</Filter>
    </ClCompile>
    <ClCompile Include="ModuleAudio.cpp">
      <Filter>Archivos de origen\Modules</Filter>
    </ClCompile>
    <ClCompile Include="ModuleInput.cpp">
      <Filter>Archivos de origen\Modules</Filter>
    </ClCompile>
    <ClCompile Include="ModuleMap.cpp">
      <Filter>Archivos de origen\Modules</Filter>
    </ClCompile>
    <ClCompile Include="ModulePhysics.cpp">
      <Filter>Archivos de origen\Modules</Filter>
    </ClCompile>
    <ClCompile Include="ModuleRender.cpp">
      <Filter>Archivos de origen\Modules</Filter>
    </ClCompile>
    <ClCompile Include="ModuleScene.cpp">
      <Filter>Archivos de origen\Modules</Filter>
    </ClCompile>
    <ClCompile Include="ModuleTextures.cpp">
      <Filter>Archivos de origen\Modules</Filter>
    </ClCompile>
    <ClCompile Include="ModuleWindow.cpp">
      <Filter>Archivos de origen\Modules</Filter>
    </ClCompile>
    <ClCompile Include="Application.cpp">
      <Filter>Archivos de origen\Globals</Filter>
    </ClCompile>
    <ClCompile Include="Main.cpp">
      <Filter>Archivos de origen\Globals</Filter>
    </ClCompile>
    <ClCompile Include="Log.cpp">
      <Filter>Archivos de origen\Globals</Filter>
    </ClCompile>
    <ClCompile Include="GUI.cpp">
      <Filter>Archivos de origen\GUI</Filter>
    </ClCompile>
    <ClCompile Include="GUIButton.cpp">
      <Filter>Archivos de origen\GUI</Filter>
    </ClCompile>
    <ClCompile Include="GUICheckbox.cpp">
      <Filter>Archivos de origen\GUI</Filter>
    </ClCompile>
    <ClCompile Include="GUISlider.cpp">
      <Filter>Archivos de origen\GUI</Filter>
    </ClCompile>
    <ClCompile Include="StateMachine.cpp">
      <Filter>Archivos de origen\Tools</Filter>
    </ClCompile>
    <ClCompile Include="Spell.cpp">
      <Filter>Archivos de origen\Player\Spells</Filter>
    </ClCompile>
    <ClCompile Include="TestSpell.cpp">
      <Filter>Archivos de origen\Player\Spells</Filter>
    </ClCompile>
    <ClCompile Include="ClassTree.cpp">
      <Filter>Archivos de origen\Player\Trees</Filter>
    </ClCompile>
    <ClCompile Include="Player.cpp">
      <Filter>Archivos de origen\Player</Filter>
    </ClCompile>
    <ClCompile Include="PlayerRevenant.cpp">
      <Filter>Archivos de origen\Player</Filter>
    </ClCompile>
    <ClCompile Include="PlayerSage.cpp">
      <Filter>Archivos de origen\Player</Filter>
    </ClCompile>
    <ClCompile Include="PlayerCombat.cpp">
      <Filter>Archivos de origen\Player\Scripts</Filter>
    </ClCompile>
    <ClCompile Include="PlayerController.cpp">
      <Filter>Archivos de origen\Player\Scripts</Filter>
    </ClCompile>
    <ClCompile Include="CommonTree.cpp">
      <Filter>Archivos de origen\Player\Trees</Filter>
    </ClCompile>
    <ClCompile Include="Trigger.cpp">
      <Filter>Archivos de origen\Tools</Filter>
    </ClCompile>
    <ClCompile Include="MapLoader.cpp">
      <Filter>Archivos de origen</Filter>
    </ClCompile>
    <ClCompile Include="ExecuteSpell.cpp">
      <Filter>Archivos de origen\Player\Spells\SpellScripts</Filter>
    </ClCompile>
    <ClCompile Include="SpellInfo.cpp">
      <Filter>Archivos de origen\Player\Spells\SpellScripts</Filter>
    </ClCompile>
    <ClCompile Include="SpellList.cpp">
      <Filter>Archivos de origen\Player\Spells\SpellScripts</Filter>
    </ClCompile>
    <ClCompile Include="PlayerStats.cpp">
      <Filter>Archivos de origen\Player\Scripts</Filter>
    </ClCompile>
    <ClCompile Include="Enemy.cpp">
      <Filter>Archivos de origen\GameObjects\Enemy</Filter>
    </ClCompile>
    <ClCompile Include="ClassTreeHud.cpp">
      <Filter>Archivos de origen\Player\Trees</Filter>
    </ClCompile>
    <ClCompile Include="MainMenu.cpp">
      <Filter>Archivos de origen\Scenes</Filter>
    </ClCompile>
    <ClCompile Include="TestScene.cpp">
      <Filter>Archivos de origen\Scenes</Filter>
    </ClCompile>
    <ClCompile Include="LogoScene.cpp">
      <Filter>Archivos de origen\Scenes</Filter>
    </ClCompile>
    <ClCompile Include="Scene.cpp">
      <Filter>Archivos de origen\Scenes\BaseClass</Filter>
    </ClCompile>
    <ClCompile Include="SceneGame.cpp">
      <Filter>Archivos de origen\Scenes\BaseClass</Filter>
    </ClCompile>
    <ClCompile Include="ModuleEvents.cpp">
      <Filter>Archivos de origen\Modules</Filter>
    </ClCompile>
    <ClCompile Include="SpellSpawnManager.cpp">
      <Filter>Archivos de origen\Player\Spells\SpellScripts</Filter>
    </ClCompile>
    <ClCompile Include="SpellObject.cpp">
      <Filter>Archivos de origen\Player\Spells</Filter>
    </ClCompile>
    <ClCompile Include="Camera.cpp">
      <Filter>Archivos de origen\Tools</Filter>
    </ClCompile>
    <ClCompile Include="GameObject.cpp">
      <Filter>Archivos de origen\GameObjects</Filter>
    </ClCompile>
    <ClCompile Include="NPC.cpp">
      <Filter>Archivos de origen\GameObjects</Filter>
    </ClCompile>
    <ClCompile Include="Text.cpp">
      <Filter>Archivos de origen\GUI</Filter>
    </ClCompile>
    <ClCompile Include="HUDInGame.cpp">
      <Filter>Archivos de origen\Scenes</Filter>
    </ClCompile>
    <ClCompile Include="Projectile.cpp">
      <Filter>Archivos de origen\GameObjects</Filter>
    </ClCompile>
    <ClCompile Include="Ghoul.cpp">
      <Filter>Archivos de origen\GameObjects\Enemy</Filter>
    </ClCompile>
    <ClCompile Include="SceneSwitch.cpp">
      <Filter>Archivos de origen\GameObjects</Filter>
    </ClCompile>
    <ClCompile Include="DamageArea.cpp">
      <Filter>Archivos de origen\GameObjects</Filter>
    </ClCompile>
    <ClCompile Include="Particle.cpp">
      <Filter>Archivos de origen\Tools\Particles</Filter>
    </ClCompile>
    <ClCompile Include="ParticleAttackRevenant.cpp">
      <Filter>Archivos de origen\Tools\Particles</Filter>
    </ClCompile>
    <ClCompile Include="Kaboom.cpp">
      <Filter>Archivos de origen\GameObjects\Enemy</Filter>
    </ClCompile>
    <ClCompile Include="IntLabel.cpp">
      <Filter>Archivos de origen\GameObjects</Filter>
    </ClCompile>
    <ClCompile Include="ParticleAttackSage.cpp">
      <Filter>Archivos de origen\Tools\Particles</Filter>
    </ClCompile>
    <ClCompile Include="ParticleHitSage.cpp">
      <Filter>Archivos de origen\Tools\Particles</Filter>
    </ClCompile>
    <ClCompile Include="Instructor.cpp">
      <Filter>Archivos de origen\GameObjects</Filter>
    </ClCompile>
    <ClCompile Include="ParticleAttackKaboom.cpp">
      <Filter>Archivos de origen\Tools\Particles</Filter>
    </ClCompile>
    <ClCompile Include="PaticleHitFotieros.cpp">
      <Filter>Archivos de origen\Tools\Particles</Filter>
    </ClCompile>
    <ClCompile Include="ParticleExplodeEkriksi.cpp">
      <Filter>Archivos de origen\Tools\Particles</Filter>
    </ClCompile>
    <ClCompile Include="PurificationSlashS.cpp">
      <Filter>Archivos de origen\Player\Spells\RevenantSpells</Filter>
    </ClCompile>
    <ClCompile Include="PurifiedSwordS.cpp">
      <Filter>Archivos de origen\Player\Spells\RevenantSpells</Filter>
    </ClCompile>
    <ClCompile Include="SoulShieldS.cpp">
      <Filter>Archivos de origen\Player\Spells\RevenantSpells</Filter>
    </ClCompile>
    <ClCompile Include="FoteirosS.cpp">
      <Filter>Archivos de origen\Player\Spells\SageSpells</Filter>
    </ClCompile>
    <ClCompile Include="ParticlePurificationSlash.cpp">
      <Filter>Archivos de origen\Tools\Particles</Filter>
    </ClCompile>
    <ClCompile Include="Worm.cpp">
      <Filter>Archivos de origen\GameObjects\Enemy</Filter>
    </ClCompile>
    <ClCompile Include="ParticleSoulShield.cpp">
      <Filter>Archivos de origen\Tools\Particles</Filter>
    </ClCompile>
    <ClCompile Include="EkriskiS.cpp">
      <Filter>Archivos de origen\Player\Spells\SageSpells</Filter>
    </ClCompile>
    <ClCompile Include="EkriskiDamageArea.cpp">
      <Filter>Archivos de origen\GameObjects</Filter>
    </ClCompile>
    <ClCompile Include="PlayerShadow.cpp">
      <Filter>Archivos de origen\Player</Filter>
    </ClCompile>
    <ClCompile Include="Souls.cpp">
      <Filter>Archivos de origen\GameObjects</Filter>
    </ClCompile>
    <ClCompile Include="Quest.cpp">
      <Filter>Archivos de origen</Filter>
    </ClCompile>
    <ClCompile Include="MiniMap.cpp">
      <Filter>Archivos de origen</Filter>
    </ClCompile>
    <ClCompile Include="HubScene.cpp">
      <Filter>Archivos de origen\Scenes\Hub</Filter>
    </ClCompile>
    <ClCompile Include="PlayerConverter.cpp">
      <Filter>Archivos de origen\Scenes\Hub</Filter>
    </ClCompile>
    <ClCompile Include="MapSave.cpp">
      <Filter>Archivos de origen</Filter>
    </ClCompile>
    <ClCompile Include="Bar.cpp">
      <Filter>Archivos de origen\GameObjects</Filter>
    </ClCompile>
    <ClCompile Include="SageWeapon.cpp">
      <Filter>Archivos de origen\Player\Weapons\Sage</Filter>
    </ClCompile>
    <ClCompile Include="SageStaff.cpp">
      <Filter>Archivos de origen\Player\Weapons\Sage</Filter>
    </ClCompile>
    <ClCompile Include="RevenantSword.cpp">
      <Filter>Archivos de origen\Player\Weapons\Revenant</Filter>
    </ClCompile>
    <ClCompile Include="RevenantWeapon.cpp">
      <Filter>Archivos de origen\Player\Weapons\Revenant</Filter>
    </ClCompile>
    <ClCompile Include="WeaponObject.cpp">
      <Filter>Archivos de origen\Player\Weapons</Filter>
    </ClCompile>
    <ClCompile Include="AssetsManager.cpp">
      <Filter>Archivos de origen</Filter>
    </ClCompile>
    <ClCompile Include="GameOverScene.cpp">
      <Filter>Archivos de origen\Scenes</Filter>
    </ClCompile>
    <ClCompile Include="RevenantSpear.cpp">
      <Filter>Archivos de origen\Player\Weapons\Revenant</Filter>
    </ClCompile>
    <ClCompile Include="WinScreen.cpp">
      <Filter>Archivos de origen\Scenes</Filter>
    </ClCompile>
    <ClCompile Include="SageBook.cpp">
      <Filter>Archivos de origen\Player\Weapons\Sage</Filter>
    </ClCompile>
    <ClCompile Include="SageChargeBar.cpp">
      <Filter>Archivos de origen\GameObjects</Filter>
    </ClCompile>
    <ClCompile Include="ButtonPuzzle.cpp">
      <Filter>Archivos de origen\GameObjects\Puzzles</Filter>
    </ClCompile>
    <ClCompile Include="ButtonObject.cpp">
      <Filter>Archivos de origen\GameObjects\Puzzles</Filter>
    </ClCompile>
    <ClCompile Include="ParticleLanceAttackRevenant.cpp">
      <Filter>Archivos de origen\Tools\Particles</Filter>
    </ClCompile>
    <ClCompile Include="Column.cpp">
      <Filter>Archivos de origen\GameObjects\Puzzles</Filter>
    </ClCompile>
    <ClCompile Include="Slime.cpp">
      <Filter>Archivos de origen\GameObjects\Enemy</Filter>
    </ClCompile>
    <ClCompile Include="WeaponChoosingHUD.cpp">
      <Filter>Archivos de origen</Filter>
    </ClCompile>
    <ClCompile Include="GUIHoverBox.cpp">
      <Filter>Archivos de origen\GUI</Filter>
    </ClCompile>
    <ClCompile Include="Boss.cpp">
      <Filter>Archivos de origen\GameObjects\Enemy\Boss</Filter>
    </ClCompile>
    <ClCompile Include="BossProjectile.cpp">
      <Filter>Archivos de origen</Filter>
    </ClCompile>
    <ClCompile Include="PneumaS.cpp">
      <Filter>Archivos de origen\Player\Spells\SageSpells</Filter>
    </ClCompile>
    <ClCompile Include="PneumaDamageArea.cpp">
      <Filter>Archivos de origen\GameObjects</Filter>
    </ClCompile>
    <ClCompile Include="OrbHP.cpp">
      <Filter>Archivos de origen</Filter>
    </ClCompile>
    <ClCompile Include="ParticlePneuma.cpp">
      <Filter>Archivos de origen\Tools\Particles</Filter>
    </ClCompile>
    <ClCompile Include="MenuManager.cpp">
      <Filter>Archivos de origen\Tools</Filter>
    </ClCompile>
    <ClCompile Include="BossMissile.cpp">
      <Filter>Archivos de origen</Filter>
    </ClCompile>
    <ClCompile Include="ParticleTeleport.cpp">
      <Filter>Archivos de origen\Tools\Particles</Filter>
    </ClCompile>
    <ClCompile Include="ModuleParticles.cpp">
      <Filter>Archivos de origen\Modules</Filter>
    </ClCompile>
    <ClCompile Include="SingleParticle.cpp">
      <Filter>Archivos de origen\Particles</Filter>
    </ClCompile>
    <ClCompile Include="ParticleEmissor.cpp">
      <Filter>Archivos de origen\Particles</Filter>
    </ClCompile>
    <ClCompile Include="ParticlePool.cpp">
      <Filter>Archivos de origen\Particles</Filter>
    </ClCompile>
    <ClCompile Include="PerfTimer.cpp">
      <Filter>Archivos de origen\Tools</Filter>
    </ClCompile>
  </ItemGroup>
  <ItemGroup>
    <ResourceCompile Include="TheLastPurifier.rc">
      <Filter>Archivos de recursos</Filter>
    </ResourceCompile>
  </ItemGroup>
  <ItemGroup>
    <Image Include="..\Game\Assets\icon.ico">
      <Filter>Archivos de recursos</Filter>
    </Image>
  </ItemGroup>
</Project>